// !$*UTF8*$!
{
	archiveVersion = 1;
	classes = {
	};
	objectVersion = 50;
	objects = {

/* Begin PBXBuildFile section */
		C11968D725D77A20001334A2 /* ResultsListController.swift in Sources */ = {isa = PBXBuildFile; fileRef = C11968D625D77A20001334A2 /* ResultsListController.swift */; };
		C172EDB125D5A73A003D0312 /* AppDelegate.swift in Sources */ = {isa = PBXBuildFile; fileRef = C172EDB025D5A73A003D0312 /* AppDelegate.swift */; };
		C172EDB325D5A73A003D0312 /* SceneDelegate.swift in Sources */ = {isa = PBXBuildFile; fileRef = C172EDB225D5A73A003D0312 /* SceneDelegate.swift */; };
		C172EDB525D5A73A003D0312 /* RadiusSelectionController.swift in Sources */ = {isa = PBXBuildFile; fileRef = C172EDB425D5A73A003D0312 /* RadiusSelectionController.swift */; };
		C172EDB825D5A73A003D0312 /* Main.storyboard in Resources */ = {isa = PBXBuildFile; fileRef = C172EDB625D5A73A003D0312 /* Main.storyboard */; };
		C172EDBA25D5A73E003D0312 /* Assets.xcassets in Resources */ = {isa = PBXBuildFile; fileRef = C172EDB925D5A73E003D0312 /* Assets.xcassets */; };
		C172EDBD25D5A73E003D0312 /* LaunchScreen.storyboard in Resources */ = {isa = PBXBuildFile; fileRef = C172EDBB25D5A73E003D0312 /* LaunchScreen.storyboard */; };
		C172EDC825D5C247003D0312 /* RapidAPILocator.swift in Sources */ = {isa = PBXBuildFile; fileRef = C172EDC725D5C247003D0312 /* RapidAPILocator.swift */; };
		C172EDCE25D5CA55003D0312 /* AirportLocator.swift in Sources */ = {isa = PBXBuildFile; fileRef = C172EDCD25D5CA55003D0312 /* AirportLocator.swift */; };
		C172EDD625D5DDD7003D0312 /* LocationManager.swift in Sources */ = {isa = PBXBuildFile; fileRef = C172EDD525D5DDD7003D0312 /* LocationManager.swift */; };
		C172EDD925D63EF5003D0312 /* LufthansaLocator.swift in Sources */ = {isa = PBXBuildFile; fileRef = C172EDD825D63EF5003D0312 /* LufthansaLocator.swift */; };
		C172EDDD25D642AD003D0312 /* LufthansaResponse.swift in Sources */ = {isa = PBXBuildFile; fileRef = C172EDDC25D642AD003D0312 /* LufthansaResponse.swift */; };
		C19E5BDF25D66F7D00766E15 /* RadiusSelectionPresenter.swift in Sources */ = {isa = PBXBuildFile; fileRef = C19E5BDE25D66F7D00766E15 /* RadiusSelectionPresenter.swift */; };
		C19E5BE225D6774700766E15 /* Interactor.swift in Sources */ = {isa = PBXBuildFile; fileRef = C19E5BE125D6774700766E15 /* Interactor.swift */; };
		C19E5BE925D6F1F000766E15 /* ResultsMapController.swift in Sources */ = {isa = PBXBuildFile; fileRef = C19E5BE825D6F1F000766E15 /* ResultsMapController.swift */; };
		C19E5BEC25D6F3E000766E15 /* ResultsPresenter.swift in Sources */ = {isa = PBXBuildFile; fileRef = C19E5BEB25D6F3E000766E15 /* ResultsPresenter.swift */; };
		C19E5BEF25D700EE00766E15 /* ResultsWireframe.swift in Sources */ = {isa = PBXBuildFile; fileRef = C19E5BEE25D700EE00766E15 /* ResultsWireframe.swift */; };
		C19E5BF225D7181000766E15 /* RadiusSelectionWireframe.swift in Sources */ = {isa = PBXBuildFile; fileRef = C19E5BF125D7181000766E15 /* RadiusSelectionWireframe.swift */; };
		C19E5BF625D75F2E00766E15 /* Airport.swift in Sources */ = {isa = PBXBuildFile; fileRef = C19E5BF525D75F2E00766E15 /* Airport.swift */; };
		C19E5BFA25D76C5700766E15 /* ResultsTabBarController.swift in Sources */ = {isa = PBXBuildFile; fileRef = C19E5BF925D76C5700766E15 /* ResultsTabBarController.swift */; };
		C19E5BFD25D76EB700766E15 /* ResultsViewController.swift in Sources */ = {isa = PBXBuildFile; fileRef = C19E5BFC25D76EB700766E15 /* ResultsViewController.swift */; };
		C1B15E7B25D7BCDA0071D7B0 /* Secrets.swift in Sources */ = {isa = PBXBuildFile; fileRef = C1B15E7A25D7BCDA0071D7B0 /* Secrets.swift */; };
/* End PBXBuildFile section */

/* Begin PBXFileReference section */
		C11968D625D77A20001334A2 /* ResultsListController.swift */ = {isa = PBXFileReference; lastKnownFileType = sourcecode.swift; path = ResultsListController.swift; sourceTree = "<group>"; };
		C172EDAD25D5A73A003D0312 /* Airport Finder.app */ = {isa = PBXFileReference; explicitFileType = wrapper.application; includeInIndex = 0; path = "Airport Finder.app"; sourceTree = BUILT_PRODUCTS_DIR; };
		C172EDB025D5A73A003D0312 /* AppDelegate.swift */ = {isa = PBXFileReference; lastKnownFileType = sourcecode.swift; path = AppDelegate.swift; sourceTree = "<group>"; };
		C172EDB225D5A73A003D0312 /* SceneDelegate.swift */ = {isa = PBXFileReference; lastKnownFileType = sourcecode.swift; path = SceneDelegate.swift; sourceTree = "<group>"; };
		C172EDB425D5A73A003D0312 /* RadiusSelectionController.swift */ = {isa = PBXFileReference; lastKnownFileType = sourcecode.swift; path = RadiusSelectionController.swift; sourceTree = "<group>"; };
		C172EDB725D5A73A003D0312 /* Base */ = {isa = PBXFileReference; lastKnownFileType = file.storyboard; name = Base; path = Base.lproj/Main.storyboard; sourceTree = "<group>"; };
		C172EDB925D5A73E003D0312 /* Assets.xcassets */ = {isa = PBXFileReference; lastKnownFileType = folder.assetcatalog; path = Assets.xcassets; sourceTree = "<group>"; };
		C172EDBC25D5A73E003D0312 /* Base */ = {isa = PBXFileReference; lastKnownFileType = file.storyboard; name = Base; path = Base.lproj/LaunchScreen.storyboard; sourceTree = "<group>"; };
		C172EDBE25D5A73E003D0312 /* Info.plist */ = {isa = PBXFileReference; lastKnownFileType = text.plist.xml; path = Info.plist; sourceTree = "<group>"; };
		C172EDC725D5C247003D0312 /* RapidAPILocator.swift */ = {isa = PBXFileReference; lastKnownFileType = sourcecode.swift; path = RapidAPILocator.swift; sourceTree = "<group>"; };
		C172EDCD25D5CA55003D0312 /* AirportLocator.swift */ = {isa = PBXFileReference; lastKnownFileType = sourcecode.swift; path = AirportLocator.swift; sourceTree = "<group>"; };
		C172EDD525D5DDD7003D0312 /* LocationManager.swift */ = {isa = PBXFileReference; lastKnownFileType = sourcecode.swift; path = LocationManager.swift; sourceTree = "<group>"; };
		C172EDD825D63EF5003D0312 /* LufthansaLocator.swift */ = {isa = PBXFileReference; lastKnownFileType = sourcecode.swift; path = LufthansaLocator.swift; sourceTree = "<group>"; };
		C172EDDC25D642AD003D0312 /* LufthansaResponse.swift */ = {isa = PBXFileReference; lastKnownFileType = sourcecode.swift; path = LufthansaResponse.swift; sourceTree = "<group>"; };
		C19E5BDE25D66F7D00766E15 /* RadiusSelectionPresenter.swift */ = {isa = PBXFileReference; lastKnownFileType = sourcecode.swift; path = RadiusSelectionPresenter.swift; sourceTree = "<group>"; };
		C19E5BE125D6774700766E15 /* Interactor.swift */ = {isa = PBXFileReference; lastKnownFileType = sourcecode.swift; path = Interactor.swift; sourceTree = "<group>"; };
		C19E5BE825D6F1F000766E15 /* ResultsMapController.swift */ = {isa = PBXFileReference; lastKnownFileType = sourcecode.swift; path = ResultsMapController.swift; sourceTree = "<group>"; };
		C19E5BEB25D6F3E000766E15 /* ResultsPresenter.swift */ = {isa = PBXFileReference; lastKnownFileType = sourcecode.swift; path = ResultsPresenter.swift; sourceTree = "<group>"; };
		C19E5BEE25D700EE00766E15 /* ResultsWireframe.swift */ = {isa = PBXFileReference; lastKnownFileType = sourcecode.swift; path = ResultsWireframe.swift; sourceTree = "<group>"; };
		C19E5BF125D7181000766E15 /* RadiusSelectionWireframe.swift */ = {isa = PBXFileReference; lastKnownFileType = sourcecode.swift; path = RadiusSelectionWireframe.swift; sourceTree = "<group>"; };
		C19E5BF525D75F2E00766E15 /* Airport.swift */ = {isa = PBXFileReference; lastKnownFileType = sourcecode.swift; path = Airport.swift; sourceTree = "<group>"; };
		C19E5BF925D76C5700766E15 /* ResultsTabBarController.swift */ = {isa = PBXFileReference; lastKnownFileType = sourcecode.swift; path = ResultsTabBarController.swift; sourceTree = "<group>"; };
		C19E5BFC25D76EB700766E15 /* ResultsViewController.swift */ = {isa = PBXFileReference; lastKnownFileType = sourcecode.swift; path = ResultsViewController.swift; sourceTree = "<group>"; };
		C1B15E7A25D7BCDA0071D7B0 /* Secrets.swift */ = {isa = PBXFileReference; lastKnownFileType = sourcecode.swift; path = Secrets.swift; sourceTree = "<group>"; };
/* End PBXFileReference section */

/* Begin PBXFrameworksBuildPhase section */
		C172EDAA25D5A73A003D0312 /* Frameworks */ = {
			isa = PBXFrameworksBuildPhase;
			buildActionMask = 2147483647;
			files = (
			);
			runOnlyForDeploymentPostprocessing = 0;
		};
/* End PBXFrameworksBuildPhase section */

/* Begin PBXGroup section */
		C172EDA425D5A73A003D0312 = {
			isa = PBXGroup;
			children = (
				C172EDAF25D5A73A003D0312 /* Airport Finder */,
				C172EDAE25D5A73A003D0312 /* Products */,
			);
			sourceTree = "<group>";
		};
		C172EDAE25D5A73A003D0312 /* Products */ = {
			isa = PBXGroup;
			children = (
				C172EDAD25D5A73A003D0312 /* Airport Finder.app */,
			);
			name = Products;
			sourceTree = "<group>";
		};
		C172EDAF25D5A73A003D0312 /* Airport Finder */ = {
			isa = PBXGroup;
			children = (
				C172EDB025D5A73A003D0312 /* AppDelegate.swift */,
				C172EDB225D5A73A003D0312 /* SceneDelegate.swift */,
				C19E5BE125D6774700766E15 /* Interactor.swift */,
				C19E5BF825D76C1C00766E15 /* Results */,
				C19E5BE525D6F0C800766E15 /* RadiusSelection */,
				C172EDDB25D6427F003D0312 /* Networking */,
				C172EDD525D5DDD7003D0312 /* LocationManager.swift */,
				C172EDB625D5A73A003D0312 /* Main.storyboard */,
				C172EDB925D5A73E003D0312 /* Assets.xcassets */,
				C172EDBB25D5A73E003D0312 /* LaunchScreen.storyboard */,
				C172EDBE25D5A73E003D0312 /* Info.plist */,
				C1B15E7A25D7BCDA0071D7B0 /* Secrets.swift */,
			);
			path = "Airport Finder";
			sourceTree = "<group>";
		};
		C172EDDB25D6427F003D0312 /* Networking */ = {
			isa = PBXGroup;
			children = (
				C172EDCD25D5CA55003D0312 /* AirportLocator.swift */,
				C172EDD825D63EF5003D0312 /* LufthansaLocator.swift */,
				C19E5BF525D75F2E00766E15 /* Airport.swift */,
				C172EDDC25D642AD003D0312 /* LufthansaResponse.swift */,
				C172EDC725D5C247003D0312 /* RapidAPILocator.swift */,
			);
			path = Networking;
			sourceTree = "<group>";
		};
		C19E5BE525D6F0C800766E15 /* RadiusSelection */ = {
			isa = PBXGroup;
			children = (
				C172EDB425D5A73A003D0312 /* RadiusSelectionController.swift */,
				C19E5BDE25D66F7D00766E15 /* RadiusSelectionPresenter.swift */,
				C19E5BF125D7181000766E15 /* RadiusSelectionWireframe.swift */,
			);
			path = RadiusSelection;
			sourceTree = "<group>";
		};
		C19E5BF825D76C1C00766E15 /* Results */ = {
			isa = PBXGroup;
			children = (
				C19E5BF925D76C5700766E15 /* ResultsTabBarController.swift */,
				C19E5BE825D6F1F000766E15 /* ResultsMapController.swift */,
				C11968D625D77A20001334A2 /* ResultsListController.swift */,
				C19E5BEB25D6F3E000766E15 /* ResultsPresenter.swift */,
				C19E5BEE25D700EE00766E15 /* ResultsWireframe.swift */,
				C19E5BFC25D76EB700766E15 /* ResultsViewController.swift */,
			);
			path = Results;
			sourceTree = "<group>";
		};
/* End PBXGroup section */

/* Begin PBXNativeTarget section */
		C172EDAC25D5A73A003D0312 /* Airport Finder */ = {
			isa = PBXNativeTarget;
			buildConfigurationList = C172EDC125D5A73E003D0312 /* Build configuration list for PBXNativeTarget "Airport Finder" */;
			buildPhases = (
				C172EDA925D5A73A003D0312 /* Sources */,
				C172EDAA25D5A73A003D0312 /* Frameworks */,
				C172EDAB25D5A73A003D0312 /* Resources */,
			);
			buildRules = (
			);
			dependencies = (
			);
			name = "Airport Finder";
			productName = "Airport Finder";
			productReference = C172EDAD25D5A73A003D0312 /* Airport Finder.app */;
			productType = "com.apple.product-type.application";
		};
/* End PBXNativeTarget section */

/* Begin PBXProject section */
		C172EDA525D5A73A003D0312 /* Project object */ = {
			isa = PBXProject;
			attributes = {
				LastSwiftUpdateCheck = 1240;
				LastUpgradeCheck = 1240;
				TargetAttributes = {
					C172EDAC25D5A73A003D0312 = {
						CreatedOnToolsVersion = 12.4;
					};
				};
			};
			buildConfigurationList = C172EDA825D5A73A003D0312 /* Build configuration list for PBXProject "Airport Finder" */;
			compatibilityVersion = "Xcode 9.3";
			developmentRegion = en;
			hasScannedForEncodings = 0;
			knownRegions = (
				en,
				Base,
			);
			mainGroup = C172EDA425D5A73A003D0312;
			productRefGroup = C172EDAE25D5A73A003D0312 /* Products */;
			projectDirPath = "";
			projectRoot = "";
			targets = (
				C172EDAC25D5A73A003D0312 /* Airport Finder */,
			);
		};
/* End PBXProject section */

/* Begin PBXResourcesBuildPhase section */
		C172EDAB25D5A73A003D0312 /* Resources */ = {
			isa = PBXResourcesBuildPhase;
			buildActionMask = 2147483647;
			files = (
				C172EDBD25D5A73E003D0312 /* LaunchScreen.storyboard in Resources */,
				C172EDBA25D5A73E003D0312 /* Assets.xcassets in Resources */,
				C172EDB825D5A73A003D0312 /* Main.storyboard in Resources */,
			);
			runOnlyForDeploymentPostprocessing = 0;
		};
/* End PBXResourcesBuildPhase section */

/* Begin PBXSourcesBuildPhase section */
		C172EDA925D5A73A003D0312 /* Sources */ = {
			isa = PBXSourcesBuildPhase;
			buildActionMask = 2147483647;
			files = (
				C1B15E7B25D7BCDA0071D7B0 /* Secrets.swift in Sources */,
				C172EDDD25D642AD003D0312 /* LufthansaResponse.swift in Sources */,
				C172EDCE25D5CA55003D0312 /* AirportLocator.swift in Sources */,
				C19E5BEC25D6F3E000766E15 /* ResultsPresenter.swift in Sources */,
				C19E5BE225D6774700766E15 /* Interactor.swift in Sources */,
				C19E5BF225D7181000766E15 /* RadiusSelectionWireframe.swift in Sources */,
				C19E5BFD25D76EB700766E15 /* ResultsViewController.swift in Sources */,
				C172EDC825D5C247003D0312 /* RapidAPILocator.swift in Sources */,
				C19E5BEF25D700EE00766E15 /* ResultsWireframe.swift in Sources */,
				C11968D725D77A20001334A2 /* ResultsListController.swift in Sources */,
				C172EDD925D63EF5003D0312 /* LufthansaLocator.swift in Sources */,
				C19E5BF625D75F2E00766E15 /* Airport.swift in Sources */,
				C172EDD625D5DDD7003D0312 /* LocationManager.swift in Sources */,
				C172EDB525D5A73A003D0312 /* RadiusSelectionController.swift in Sources */,
				C19E5BDF25D66F7D00766E15 /* RadiusSelectionPresenter.swift in Sources */,
				C19E5BE925D6F1F000766E15 /* ResultsMapController.swift in Sources */,
				C172EDB125D5A73A003D0312 /* AppDelegate.swift in Sources */,
				C172EDB325D5A73A003D0312 /* SceneDelegate.swift in Sources */,
				C19E5BFA25D76C5700766E15 /* ResultsTabBarController.swift in Sources */,
			);
			runOnlyForDeploymentPostprocessing = 0;
		};
/* End PBXSourcesBuildPhase section */

/* Begin PBXVariantGroup section */
		C172EDB625D5A73A003D0312 /* Main.storyboard */ = {
			isa = PBXVariantGroup;
			children = (
				C172EDB725D5A73A003D0312 /* Base */,
			);
			name = Main.storyboard;
			sourceTree = "<group>";
		};
		C172EDBB25D5A73E003D0312 /* LaunchScreen.storyboard */ = {
			isa = PBXVariantGroup;
			children = (
				C172EDBC25D5A73E003D0312 /* Base */,
			);
			name = LaunchScreen.storyboard;
			sourceTree = "<group>";
		};
/* End PBXVariantGroup section */

/* Begin XCBuildConfiguration section */
		C172EDBF25D5A73E003D0312 /* Debug */ = {
			isa = XCBuildConfiguration;
			buildSettings = {
				ALWAYS_SEARCH_USER_PATHS = NO;
				CLANG_ANALYZER_NONNULL = YES;
				CLANG_ANALYZER_NUMBER_OBJECT_CONVERSION = YES_AGGRESSIVE;
				CLANG_CXX_LANGUAGE_STANDARD = "gnu++14";
				CLANG_CXX_LIBRARY = "libc++";
				CLANG_ENABLE_MODULES = YES;
				CLANG_ENABLE_OBJC_ARC = YES;
				CLANG_ENABLE_OBJC_WEAK = YES;
				CLANG_WARN_BLOCK_CAPTURE_AUTORELEASING = YES;
				CLANG_WARN_BOOL_CONVERSION = YES;
				CLANG_WARN_COMMA = YES;
				CLANG_WARN_CONSTANT_CONVERSION = YES;
				CLANG_WARN_DEPRECATED_OBJC_IMPLEMENTATIONS = YES;
				CLANG_WARN_DIRECT_OBJC_ISA_USAGE = YES_ERROR;
				CLANG_WARN_DOCUMENTATION_COMMENTS = YES;
				CLANG_WARN_EMPTY_BODY = YES;
				CLANG_WARN_ENUM_CONVERSION = YES;
				CLANG_WARN_INFINITE_RECURSION = YES;
				CLANG_WARN_INT_CONVERSION = YES;
				CLANG_WARN_NON_LITERAL_NULL_CONVERSION = YES;
				CLANG_WARN_OBJC_IMPLICIT_RETAIN_SELF = YES;
				CLANG_WARN_OBJC_LITERAL_CONVERSION = YES;
				CLANG_WARN_OBJC_ROOT_CLASS = YES_ERROR;
				CLANG_WARN_QUOTED_INCLUDE_IN_FRAMEWORK_HEADER = YES;
				CLANG_WARN_RANGE_LOOP_ANALYSIS = YES;
				CLANG_WARN_STRICT_PROTOTYPES = YES;
				CLANG_WARN_SUSPICIOUS_MOVE = YES;
				CLANG_WARN_UNGUARDED_AVAILABILITY = YES_AGGRESSIVE;
				CLANG_WARN_UNREACHABLE_CODE = YES;
				CLANG_WARN__DUPLICATE_METHOD_MATCH = YES;
				COPY_PHASE_STRIP = NO;
				DEBUG_INFORMATION_FORMAT = dwarf;
				ENABLE_STRICT_OBJC_MSGSEND = YES;
				ENABLE_TESTABILITY = YES;
				GCC_C_LANGUAGE_STANDARD = gnu11;
				GCC_DYNAMIC_NO_PIC = NO;
				GCC_NO_COMMON_BLOCKS = YES;
				GCC_OPTIMIZATION_LEVEL = 0;
				GCC_PREPROCESSOR_DEFINITIONS = (
					"DEBUG=1",
					"$(inherited)",
				);
				GCC_WARN_64_TO_32_BIT_CONVERSION = YES;
				GCC_WARN_ABOUT_RETURN_TYPE = YES_ERROR;
				GCC_WARN_UNDECLARED_SELECTOR = YES;
				GCC_WARN_UNINITIALIZED_AUTOS = YES_AGGRESSIVE;
				GCC_WARN_UNUSED_FUNCTION = YES;
				GCC_WARN_UNUSED_VARIABLE = YES;
				IPHONEOS_DEPLOYMENT_TARGET = 14.4;
				MTL_ENABLE_DEBUG_INFO = INCLUDE_SOURCE;
				MTL_FAST_MATH = YES;
				ONLY_ACTIVE_ARCH = YES;
				SDKROOT = iphoneos;
				SWIFT_ACTIVE_COMPILATION_CONDITIONS = DEBUG;
				SWIFT_OPTIMIZATION_LEVEL = "-Onone";
			};
			name = Debug;
		};
		C172EDC025D5A73E003D0312 /* Release */ = {
			isa = XCBuildConfiguration;
			buildSettings = {
				ALWAYS_SEARCH_USER_PATHS = NO;
				CLANG_ANALYZER_NONNULL = YES;
				CLANG_ANALYZER_NUMBER_OBJECT_CONVERSION = YES_AGGRESSIVE;
				CLANG_CXX_LANGUAGE_STANDARD = "gnu++14";
				CLANG_CXX_LIBRARY = "libc++";
				CLANG_ENABLE_MODULES = YES;
				CLANG_ENABLE_OBJC_ARC = YES;
				CLANG_ENABLE_OBJC_WEAK = YES;
				CLANG_WARN_BLOCK_CAPTURE_AUTORELEASING = YES;
				CLANG_WARN_BOOL_CONVERSION = YES;
				CLANG_WARN_COMMA = YES;
				CLANG_WARN_CONSTANT_CONVERSION = YES;
				CLANG_WARN_DEPRECATED_OBJC_IMPLEMENTATIONS = YES;
				CLANG_WARN_DIRECT_OBJC_ISA_USAGE = YES_ERROR;
				CLANG_WARN_DOCUMENTATION_COMMENTS = YES;
				CLANG_WARN_EMPTY_BODY = YES;
				CLANG_WARN_ENUM_CONVERSION = YES;
				CLANG_WARN_INFINITE_RECURSION = YES;
				CLANG_WARN_INT_CONVERSION = YES;
				CLANG_WARN_NON_LITERAL_NULL_CONVERSION = YES;
				CLANG_WARN_OBJC_IMPLICIT_RETAIN_SELF = YES;
				CLANG_WARN_OBJC_LITERAL_CONVERSION = YES;
				CLANG_WARN_OBJC_ROOT_CLASS = YES_ERROR;
				CLANG_WARN_QUOTED_INCLUDE_IN_FRAMEWORK_HEADER = YES;
				CLANG_WARN_RANGE_LOOP_ANALYSIS = YES;
				CLANG_WARN_STRICT_PROTOTYPES = YES;
				CLANG_WARN_SUSPICIOUS_MOVE = YES;
				CLANG_WARN_UNGUARDED_AVAILABILITY = YES_AGGRESSIVE;
				CLANG_WARN_UNREACHABLE_CODE = YES;
				CLANG_WARN__DUPLICATE_METHOD_MATCH = YES;
				COPY_PHASE_STRIP = NO;
				DEBUG_INFORMATION_FORMAT = "dwarf-with-dsym";
				ENABLE_NS_ASSERTIONS = NO;
				ENABLE_STRICT_OBJC_MSGSEND = YES;
				GCC_C_LANGUAGE_STANDARD = gnu11;
				GCC_NO_COMMON_BLOCKS = YES;
				GCC_WARN_64_TO_32_BIT_CONVERSION = YES;
				GCC_WARN_ABOUT_RETURN_TYPE = YES_ERROR;
				GCC_WARN_UNDECLARED_SELECTOR = YES;
				GCC_WARN_UNINITIALIZED_AUTOS = YES_AGGRESSIVE;
				GCC_WARN_UNUSED_FUNCTION = YES;
				GCC_WARN_UNUSED_VARIABLE = YES;
				IPHONEOS_DEPLOYMENT_TARGET = 14.4;
				MTL_ENABLE_DEBUG_INFO = NO;
				MTL_FAST_MATH = YES;
				SDKROOT = iphoneos;
				SWIFT_COMPILATION_MODE = wholemodule;
				SWIFT_OPTIMIZATION_LEVEL = "-O";
				VALIDATE_PRODUCT = YES;
			};
			name = Release;
		};
		C172EDC225D5A73E003D0312 /* Debug */ = {
			isa = XCBuildConfiguration;
			buildSettings = {
				ASSETCATALOG_COMPILER_APPICON_NAME = AppIcon;
				ASSETCATALOG_COMPILER_GLOBAL_ACCENT_COLOR_NAME = AccentColor;
				CODE_SIGN_STYLE = Automatic;
				DEVELOPMENT_TEAM = M96DFSDWS3;
				INFOPLIST_FILE = "Airport Finder/Info.plist";
				LD_RUNPATH_SEARCH_PATHS = (
					"$(inherited)",
					"@executable_path/Frameworks",
				);
				PRODUCT_BUNDLE_IDENTIFIER = "com.perroscongatos.Airport-Finder";
				PRODUCT_NAME = "$(TARGET_NAME)";
				SWIFT_VERSION = 5.0;
				TARGETED_DEVICE_FAMILY = "1,2";
			};
			name = Debug;
		};
		C172EDC325D5A73E003D0312 /* Release */ = {
			isa = XCBuildConfiguration;
			buildSettings = {
				ASSETCATALOG_COMPILER_APPICON_NAME = AppIcon;
				ASSETCATALOG_COMPILER_GLOBAL_ACCENT_COLOR_NAME = AccentColor;
				CODE_SIGN_STYLE = Automatic;
				DEVELOPMENT_TEAM = M96DFSDWS3;
				INFOPLIST_FILE = "Airport Finder/Info.plist";
				LD_RUNPATH_SEARCH_PATHS = (
					"$(inherited)",
					"@executable_path/Frameworks",
				);
				PRODUCT_BUNDLE_IDENTIFIER = "com.perroscongatos.Airport-Finder";
				PRODUCT_NAME = "$(TARGET_NAME)";
				SWIFT_VERSION = 5.0;
				TARGETED_DEVICE_FAMILY = "1,2";
			};
			name = Release;
		};
/* End XCBuildConfiguration section */

/* Begin XCConfigurationList section */
		C172EDA825D5A73A003D0312 /* Build configuration list for PBXProject "Airport Finder" */ = {
			isa = XCConfigurationList;
			buildConfigurations = (
				C172EDBF25D5A73E003D0312 /* Debug */,
				C172EDC025D5A73E003D0312 /* Release */,
			);
			defaultConfigurationIsVisible = 0;
			defaultConfigurationName = Release;
		};
		C172EDC125D5A73E003D0312 /* Build configuration list for PBXNativeTarget "Airport Finder" */ = {
			isa = XCConfigurationList;
			buildConfigurations = (
				C172EDC225D5A73E003D0312 /* Debug */,
				C172EDC325D5A73E003D0312 /* Release */,
			);
			defaultConfigurationIsVisible = 0;
			defaultConfigurationName = Release;
		};
/* End XCConfigurationList section */
	};
	rootObject = C172EDA525D5A73A003D0312 /* Project object */;
}
